// !$*UTF8*$!
{
	archiveVersion = 1;
	classes = {
	};
	objectVersion = 46;
	objects = {

/* Begin PBXBuildFile section */
		033F76901FD9796C00AEEFC3 /* horseshoes logo.jpg in Resources */ = {isa = PBXBuildFile; fileRef = 033F768F1FD9796C00AEEFC3 /* horseshoes logo.jpg */; };
		033F76941FD9798B00AEEFC3 /* Horseshoes picture.jpg in Resources */ = {isa = PBXBuildFile; fileRef = 033F76911FD9798B00AEEFC3 /* Horseshoes picture.jpg */; };
		033F76951FD9798B00AEEFC3 /* Woodies Logo.jpg in Resources */ = {isa = PBXBuildFile; fileRef = 033F76921FD9798B00AEEFC3 /* Woodies Logo.jpg */; };
		033F76961FD9798B00AEEFC3 /* Woodies picture.jpg in Resources */ = {isa = PBXBuildFile; fileRef = 033F76931FD9798B00AEEFC3 /* Woodies picture.jpg */; };
		033F76991FD9817A00AEEFC3 /* arc logo.jpg in Resources */ = {isa = PBXBuildFile; fileRef = 033F76971FD9817A00AEEFC3 /* arc logo.jpg */; };
		033F769A1FD9817A00AEEFC3 /* new inn logo.jpg in Resources */ = {isa = PBXBuildFile; fileRef = 033F76981FD9817A00AEEFC3 /* new inn logo.jpg */; };
		033F769F1FD9861500AEEFC3 /* arc picture.jpg in Resources */ = {isa = PBXBuildFile; fileRef = 033F769B1FD9861500AEEFC3 /* arc picture.jpg */; };
		033F76A01FD9861500AEEFC3 /* New Inn Picture.jpg in Resources */ = {isa = PBXBuildFile; fileRef = 033F769C1FD9861500AEEFC3 /* New Inn Picture.jpg */; };
		033F76A11FD9861500AEEFC3 /* taps logo.jpg in Resources */ = {isa = PBXBuildFile; fileRef = 033F769D1FD9861500AEEFC3 /* taps logo.jpg */; };
		033F76A21FD9861500AEEFC3 /* taps picture.jpg in Resources */ = {isa = PBXBuildFile; fileRef = 033F769E1FD9861500AEEFC3 /* taps picture.jpg */; };
		033F76A41FD986C200AEEFC3 /* box logo.jpg in Resources */ = {isa = PBXBuildFile; fileRef = 033F76A31FD986C200AEEFC3 /* box logo.jpg */; };
		033F76A61FD9871600AEEFC3 /* box picture.jpg in Resources */ = {isa = PBXBuildFile; fileRef = 033F76A51FD9871600AEEFC3 /* box picture.jpg */; };
		033F76A81FD987B000AEEFC3 /* skyrack picture.jpg in Resources */ = {isa = PBXBuildFile; fileRef = 033F76A71FD987B000AEEFC3 /* skyrack picture.jpg */; };
		033F76AA1FD987BB00AEEFC3 /* skyrack logo.jpg in Resources */ = {isa = PBXBuildFile; fileRef = 033F76A91FD987BB00AEEFC3 /* skyrack logo.jpg */; };
		033F76AC1FD98D4800AEEFC3 /* original oak logo.jpg in Resources */ = {isa = PBXBuildFile; fileRef = 033F76AB1FD98D4800AEEFC3 /* original oak logo.jpg */; };
		033F76AE1FD98D5100AEEFC3 /* original oak picture.jpg in Resources */ = {isa = PBXBuildFile; fileRef = 033F76AD1FD98D5100AEEFC3 /* original oak picture.jpg */; };
		033F76B01FD9977A00AEEFC3 /* pack horse picture.jpg in Resources */ = {isa = PBXBuildFile; fileRef = 033F76AF1FD9977A00AEEFC3 /* pack horse picture.jpg */; };
		033F76B21FD997D900AEEFC3 /* pack horse logo.png in Resources */ = {isa = PBXBuildFile; fileRef = 033F76B11FD997D900AEEFC3 /* pack horse logo.png */; };
		033F76B41FD9984600AEEFC3 /* eldon picture.jpg in Resources */ = {isa = PBXBuildFile; fileRef = 033F76B31FD9984600AEEFC3 /* eldon picture.jpg */; };
		033F76B61FD9991E00AEEFC3 /* eldon logo.jpg in Resources */ = {isa = PBXBuildFile; fileRef = 033F76B51FD9991E00AEEFC3 /* eldon logo.jpg */; };
		033F76B81FD99A4F00AEEFC3 /* luu logo.png in Resources */ = {isa = PBXBuildFile; fileRef = 033F76B71FD99A4F00AEEFC3 /* luu logo.png */; };
		033F76BA1FD99A9800AEEFC3 /* luu picture.jpg in Resources */ = {isa = PBXBuildFile; fileRef = 033F76B91FD99A9800AEEFC3 /* luu picture.jpg */; };
		033F76BC1FD9A01000AEEFC3 /* fenton picture.jpg in Resources */ = {isa = PBXBuildFile; fileRef = 033F76BB1FD9A01000AEEFC3 /* fenton picture.jpg */; };
		033F76BE1FD9A02300AEEFC3 /* fenton logo.jpg in Resources */ = {isa = PBXBuildFile; fileRef = 033F76BD1FD9A02300AEEFC3 /* fenton logo.jpg */; };
		033F76C11FD9A12900AEEFC3 /* strawbs logo.png in Resources */ = {isa = PBXBuildFile; fileRef = 033F76BF1FD9A12900AEEFC3 /* strawbs logo.png */; };
		033F76C21FD9A12900AEEFC3 /* strawbs picture.jpg in Resources */ = {isa = PBXBuildFile; fileRef = 033F76C01FD9A12900AEEFC3 /* strawbs picture.jpg */; };
		033F76C41FD9A1DD00AEEFC3 /* dry dock.jpg in Resources */ = {isa = PBXBuildFile; fileRef = 033F76C31FD9A1DD00AEEFC3 /* dry dock.jpg */; };
		033F76C61FD9A1E900AEEFC3 /* dry dock logo.jpg in Resources */ = {isa = PBXBuildFile; fileRef = 033F76C51FD9A1E900AEEFC3 /* dry dock logo.jpg */; };
		034893D71FC4414100BCEAAA /* PubDataModel.m in Sources */ = {isa = PBXBuildFile; fileRef = 034893D61FC4414100BCEAAA /* PubDataModel.m */; };
		034893DA1FC4415D00BCEAAA /* Pub.m in Sources */ = {isa = PBXBuildFile; fileRef = 034893D91FC4415D00BCEAAA /* Pub.m */; };
		034893E01FC441CC00BCEAAA /* PubViewController.m in Sources */ = {isa = PBXBuildFile; fileRef = 034893DF1FC441CC00BCEAAA /* PubViewController.m */; };
		034893E31FC4422400BCEAAA /* DrinksConsumptionViewController.m in Sources */ = {isa = PBXBuildFile; fileRef = 034893E21FC4422400BCEAAA /* DrinksConsumptionViewController.m */; };
		034896381FC858F40071B10E /* Library Picture.jpg in Resources */ = {isa = PBXBuildFile; fileRef = 034896371FC858F40071B10E /* Library Picture.jpg */; };
		0348963B1FC85C750071B10E /* TablePubViewCell.m in Sources */ = {isa = PBXBuildFile; fileRef = 0348963A1FC85C750071B10E /* TablePubViewCell.m */; };
		03DB58E91FC38D63007AA647 /* MapKit.framework in Frameworks */ = {isa = PBXBuildFile; fileRef = 03DB58E81FC38D63007AA647 /* MapKit.framework */; };
		03DB58EB1FC38D6E007AA647 /* CoreLocation.framework in Frameworks */ = {isa = PBXBuildFile; fileRef = 03DB58EA1FC38D6E007AA647 /* CoreLocation.framework */; };
		03E6D4271FC6F99600CD8C49 /* TablePubViewController.m in Sources */ = {isa = PBXBuildFile; fileRef = 03E6D4261FC6F99600CD8C49 /* TablePubViewController.m */; };
		03E6D4291FC7302700CD8C49 /* Library logo.jpg in Resources */ = {isa = PBXBuildFile; fileRef = 03E6D4281FC7302700CD8C49 /* Library logo.jpg */; };
		03FF80B71FD838B2006DC39F /* pub icon.png in Resources */ = {isa = PBXBuildFile; fileRef = 03FF80B61FD838B2006DC39F /* pub icon.png */; };
		570D87121FD6C57C00692713 /* Drinks.m in Sources */ = {isa = PBXBuildFile; fileRef = 570D87111FD6C57C00692713 /* Drinks.m */; };
		570D87151FD6C59100692713 /* DrinksDataModel.m in Sources */ = {isa = PBXBuildFile; fileRef = 570D87141FD6C59100692713 /* DrinksDataModel.m */; };
		570D87181FD6C5BC00692713 /* DrinksTableViewCell.m in Sources */ = {isa = PBXBuildFile; fileRef = 570D87171FD6C5BC00692713 /* DrinksTableViewCell.m */; };
		5786295A1FB1E32100BE1B86 /* main.m in Sources */ = {isa = PBXBuildFile; fileRef = 578629591FB1E32100BE1B86 /* main.m */; };
		5786295D1FB1E32100BE1B86 /* AppDelegate.m in Sources */ = {isa = PBXBuildFile; fileRef = 5786295C1FB1E32100BE1B86 /* AppDelegate.m */; };
		578629661FB1E32100BE1B86 /* Main.storyboard in Resources */ = {isa = PBXBuildFile; fileRef = 578629641FB1E32100BE1B86 /* Main.storyboard */; };
		578629681FB1E32100BE1B86 /* Assets.xcassets in Resources */ = {isa = PBXBuildFile; fileRef = 578629671FB1E32100BE1B86 /* Assets.xcassets */; };
		5786296B1FB1E32100BE1B86 /* LaunchScreen.storyboard in Resources */ = {isa = PBXBuildFile; fileRef = 578629691FB1E32100BE1B86 /* LaunchScreen.storyboard */; };
		578629761FB1E32100BE1B86 /* Project___Pub_Crawl_TrackerTests.m in Sources */ = {isa = PBXBuildFile; fileRef = 578629751FB1E32100BE1B86 /* Project___Pub_Crawl_TrackerTests.m */; };
		578629811FB1E32100BE1B86 /* Project___Pub_Crawl_TrackerUITests.m in Sources */ = {isa = PBXBuildFile; fileRef = 578629801FB1E32100BE1B86 /* Project___Pub_Crawl_TrackerUITests.m */; };
		57BE00FB1FD1931E00FAD0B7 /* MapScreenViewController.m in Sources */ = {isa = PBXBuildFile; fileRef = 57BE00FA1FD1931E00FAD0B7 /* MapScreenViewController.m */; };
		57C6BD3A1FD82C4E00E16F46 /* map-icon.png in Resources */ = {isa = PBXBuildFile; fileRef = 57C6BD391FD82C4E00E16F46 /* map-icon.png */; };
		57C6BD3C1FD82E8C00E16F46 /* drinks-consumption-icon.png in Resources */ = {isa = PBXBuildFile; fileRef = 57C6BD3B1FD82E8C00E16F46 /* drinks-consumption-icon.png */; };
		57EF78ED1FCC887D0006E004 /* Project - Pub Crawl Tracker.xcdatamodeld in Sources */ = {isa = PBXBuildFile; fileRef = 57EF78EB1FCC887D0006E004 /* Project - Pub Crawl Tracker.xcdatamodeld */; };
		57EF78EF1FCC88B70006E004 /* CoreData.framework in Frameworks */ = {isa = PBXBuildFile; fileRef = 57EF78EE1FCC88B70006E004 /* CoreData.framework */; };
		57EF78F11FCC8A630006E004 /* Hyde Park Logo.jpg in Resources */ = {isa = PBXBuildFile; fileRef = 57EF78F01FCC8A630006E004 /* Hyde Park Logo.jpg */; };
		57EF78F31FCC8A9A0006E004 /* Hyde Park Picture.jpg in Resources */ = {isa = PBXBuildFile; fileRef = 57EF78F21FCC8A9A0006E004 /* Hyde Park Picture.jpg */; };
/* End PBXBuildFile section */

/* Begin PBXContainerItemProxy section */
		578629721FB1E32100BE1B86 /* PBXContainerItemProxy */ = {
			isa = PBXContainerItemProxy;
			containerPortal = 5786294D1FB1E32100BE1B86 /* Project object */;
			proxyType = 1;
			remoteGlobalIDString = 578629541FB1E32100BE1B86;
			remoteInfo = "Project - Pub Crawl Tracker";
		};
		5786297D1FB1E32100BE1B86 /* PBXContainerItemProxy */ = {
			isa = PBXContainerItemProxy;
			containerPortal = 5786294D1FB1E32100BE1B86 /* Project object */;
			proxyType = 1;
			remoteGlobalIDString = 578629541FB1E32100BE1B86;
			remoteInfo = "Project - Pub Crawl Tracker";
		};
/* End PBXContainerItemProxy section */

/* Begin PBXFileReference section */
		033F768F1FD9796C00AEEFC3 /* horseshoes logo.jpg */ = {isa = PBXFileReference; lastKnownFileType = image.jpeg; path = "horseshoes logo.jpg"; sourceTree = "<group>"; };
		033F76911FD9798B00AEEFC3 /* Horseshoes picture.jpg */ = {isa = PBXFileReference; lastKnownFileType = image.jpeg; path = "Horseshoes picture.jpg"; sourceTree = "<group>"; };
		033F76921FD9798B00AEEFC3 /* Woodies Logo.jpg */ = {isa = PBXFileReference; lastKnownFileType = image.jpeg; path = "Woodies Logo.jpg"; sourceTree = "<group>"; };
		033F76931FD9798B00AEEFC3 /* Woodies picture.jpg */ = {isa = PBXFileReference; lastKnownFileType = image.jpeg; path = "Woodies picture.jpg"; sourceTree = "<group>"; };
		033F76971FD9817A00AEEFC3 /* arc logo.jpg */ = {isa = PBXFileReference; lastKnownFileType = image.jpeg; path = "arc logo.jpg"; sourceTree = "<group>"; };
		033F76981FD9817A00AEEFC3 /* new inn logo.jpg */ = {isa = PBXFileReference; lastKnownFileType = image.jpeg; path = "new inn logo.jpg"; sourceTree = "<group>"; };
		033F769B1FD9861500AEEFC3 /* arc picture.jpg */ = {isa = PBXFileReference; lastKnownFileType = image.jpeg; path = "arc picture.jpg"; sourceTree = "<group>"; };
		033F769C1FD9861500AEEFC3 /* New Inn Picture.jpg */ = {isa = PBXFileReference; lastKnownFileType = image.jpeg; path = "New Inn Picture.jpg"; sourceTree = "<group>"; };
		033F769D1FD9861500AEEFC3 /* taps logo.jpg */ = {isa = PBXFileReference; lastKnownFileType = image.jpeg; path = "taps logo.jpg"; sourceTree = "<group>"; };
		033F769E1FD9861500AEEFC3 /* taps picture.jpg */ = {isa = PBXFileReference; lastKnownFileType = image.jpeg; path = "taps picture.jpg"; sourceTree = "<group>"; };
		033F76A31FD986C200AEEFC3 /* box logo.jpg */ = {isa = PBXFileReference; lastKnownFileType = image.jpeg; path = "box logo.jpg"; sourceTree = "<group>"; };
		033F76A51FD9871600AEEFC3 /* box picture.jpg */ = {isa = PBXFileReference; lastKnownFileType = image.jpeg; path = "box picture.jpg"; sourceTree = "<group>"; };
		033F76A71FD987B000AEEFC3 /* skyrack picture.jpg */ = {isa = PBXFileReference; lastKnownFileType = image.jpeg; path = "skyrack picture.jpg"; sourceTree = "<group>"; };
		033F76A91FD987BB00AEEFC3 /* skyrack logo.jpg */ = {isa = PBXFileReference; lastKnownFileType = image.jpeg; path = "skyrack logo.jpg"; sourceTree = "<group>"; };
		033F76AB1FD98D4800AEEFC3 /* original oak logo.jpg */ = {isa = PBXFileReference; lastKnownFileType = image.jpeg; path = "original oak logo.jpg"; sourceTree = "<group>"; };
		033F76AD1FD98D5100AEEFC3 /* original oak picture.jpg */ = {isa = PBXFileReference; lastKnownFileType = image.jpeg; path = "original oak picture.jpg"; sourceTree = "<group>"; };
		033F76AF1FD9977A00AEEFC3 /* pack horse picture.jpg */ = {isa = PBXFileReference; lastKnownFileType = image.jpeg; path = "pack horse picture.jpg"; sourceTree = "<group>"; };
		033F76B11FD997D900AEEFC3 /* pack horse logo.png */ = {isa = PBXFileReference; lastKnownFileType = image.png; path = "pack horse logo.png"; sourceTree = "<group>"; };
		033F76B31FD9984600AEEFC3 /* eldon picture.jpg */ = {isa = PBXFileReference; lastKnownFileType = image.jpeg; path = "eldon picture.jpg"; sourceTree = "<group>"; };
		033F76B51FD9991E00AEEFC3 /* eldon logo.jpg */ = {isa = PBXFileReference; lastKnownFileType = image.jpeg; path = "eldon logo.jpg"; sourceTree = "<group>"; };
		033F76B71FD99A4F00AEEFC3 /* luu logo.png */ = {isa = PBXFileReference; lastKnownFileType = image.png; path = "luu logo.png"; sourceTree = "<group>"; };
		033F76B91FD99A9800AEEFC3 /* luu picture.jpg */ = {isa = PBXFileReference; lastKnownFileType = image.jpeg; path = "luu picture.jpg"; sourceTree = "<group>"; };
		033F76BB1FD9A01000AEEFC3 /* fenton picture.jpg */ = {isa = PBXFileReference; lastKnownFileType = image.jpeg; path = "fenton picture.jpg"; sourceTree = "<group>"; };
		033F76BD1FD9A02300AEEFC3 /* fenton logo.jpg */ = {isa = PBXFileReference; lastKnownFileType = image.jpeg; path = "fenton logo.jpg"; sourceTree = "<group>"; };
		033F76BF1FD9A12900AEEFC3 /* strawbs logo.png */ = {isa = PBXFileReference; lastKnownFileType = image.png; path = "strawbs logo.png"; sourceTree = "<group>"; };
		033F76C01FD9A12900AEEFC3 /* strawbs picture.jpg */ = {isa = PBXFileReference; lastKnownFileType = image.jpeg; path = "strawbs picture.jpg"; sourceTree = "<group>"; };
		033F76C31FD9A1DD00AEEFC3 /* dry dock.jpg */ = {isa = PBXFileReference; lastKnownFileType = image.jpeg; path = "dry dock.jpg"; sourceTree = "<group>"; };
		033F76C51FD9A1E900AEEFC3 /* dry dock logo.jpg */ = {isa = PBXFileReference; lastKnownFileType = image.jpeg; path = "dry dock logo.jpg"; sourceTree = "<group>"; };
		034893D51FC4414100BCEAAA /* PubDataModel.h */ = {isa = PBXFileReference; fileEncoding = 4; lastKnownFileType = sourcecode.c.h; path = PubDataModel.h; sourceTree = "<group>"; };
		034893D61FC4414100BCEAAA /* PubDataModel.m */ = {isa = PBXFileReference; fileEncoding = 4; lastKnownFileType = sourcecode.c.objc; path = PubDataModel.m; sourceTree = "<group>"; };
		034893D81FC4415D00BCEAAA /* Pub.h */ = {isa = PBXFileReference; fileEncoding = 4; lastKnownFileType = sourcecode.c.h; path = Pub.h; sourceTree = "<group>"; };
		034893D91FC4415D00BCEAAA /* Pub.m */ = {isa = PBXFileReference; fileEncoding = 4; lastKnownFileType = sourcecode.c.objc; path = Pub.m; sourceTree = "<group>"; };
		034893DE1FC441CC00BCEAAA /* PubViewController.h */ = {isa = PBXFileReference; fileEncoding = 4; lastKnownFileType = sourcecode.c.h; path = PubViewController.h; sourceTree = "<group>"; };
		034893DF1FC441CC00BCEAAA /* PubViewController.m */ = {isa = PBXFileReference; fileEncoding = 4; lastKnownFileType = sourcecode.c.objc; path = PubViewController.m; sourceTree = "<group>"; };
		034893E11FC4422400BCEAAA /* DrinksConsumptionViewController.h */ = {isa = PBXFileReference; fileEncoding = 4; lastKnownFileType = sourcecode.c.h; path = DrinksConsumptionViewController.h; sourceTree = "<group>"; };
		034893E21FC4422400BCEAAA /* DrinksConsumptionViewController.m */ = {isa = PBXFileReference; fileEncoding = 4; lastKnownFileType = sourcecode.c.objc; path = DrinksConsumptionViewController.m; sourceTree = "<group>"; };
		034896371FC858F40071B10E /* Library Picture.jpg */ = {isa = PBXFileReference; lastKnownFileType = image.jpeg; path = "Library Picture.jpg"; sourceTree = "<group>"; };
		034896391FC85C750071B10E /* TablePubViewCell.h */ = {isa = PBXFileReference; fileEncoding = 4; lastKnownFileType = sourcecode.c.h; path = TablePubViewCell.h; sourceTree = "<group>"; };
		0348963A1FC85C750071B10E /* TablePubViewCell.m */ = {isa = PBXFileReference; fileEncoding = 4; lastKnownFileType = sourcecode.c.objc; path = TablePubViewCell.m; sourceTree = "<group>"; };
		03DB58E81FC38D63007AA647 /* MapKit.framework */ = {isa = PBXFileReference; lastKnownFileType = wrapper.framework; name = MapKit.framework; path = System/Library/Frameworks/MapKit.framework; sourceTree = SDKROOT; };
		03DB58EA1FC38D6E007AA647 /* CoreLocation.framework */ = {isa = PBXFileReference; lastKnownFileType = wrapper.framework; name = CoreLocation.framework; path = System/Library/Frameworks/CoreLocation.framework; sourceTree = SDKROOT; };
		03E6D4251FC6F99600CD8C49 /* TablePubViewController.h */ = {isa = PBXFileReference; fileEncoding = 4; lastKnownFileType = sourcecode.c.h; path = TablePubViewController.h; sourceTree = "<group>"; };
		03E6D4261FC6F99600CD8C49 /* TablePubViewController.m */ = {isa = PBXFileReference; fileEncoding = 4; lastKnownFileType = sourcecode.c.objc; path = TablePubViewController.m; sourceTree = "<group>"; };
		03E6D4281FC7302700CD8C49 /* Library logo.jpg */ = {isa = PBXFileReference; lastKnownFileType = image.jpeg; path = "Library logo.jpg"; sourceTree = "<group>"; };
		03FF80B61FD838B2006DC39F /* pub icon.png */ = {isa = PBXFileReference; lastKnownFileType = image.png; path = "pub icon.png"; sourceTree = "<group>"; };
		570D87101FD6C57C00692713 /* Drinks.h */ = {isa = PBXFileReference; fileEncoding = 4; lastKnownFileType = sourcecode.c.h; path = Drinks.h; sourceTree = "<group>"; };
		570D87111FD6C57C00692713 /* Drinks.m */ = {isa = PBXFileReference; fileEncoding = 4; lastKnownFileType = sourcecode.c.objc; path = Drinks.m; sourceTree = "<group>"; };
		570D87131FD6C59100692713 /* DrinksDataModel.h */ = {isa = PBXFileReference; fileEncoding = 4; lastKnownFileType = sourcecode.c.h; path = DrinksDataModel.h; sourceTree = "<group>"; };
		570D87141FD6C59100692713 /* DrinksDataModel.m */ = {isa = PBXFileReference; fileEncoding = 4; lastKnownFileType = sourcecode.c.objc; path = DrinksDataModel.m; sourceTree = "<group>"; };
		570D87161FD6C5BC00692713 /* DrinksTableViewCell.h */ = {isa = PBXFileReference; fileEncoding = 4; lastKnownFileType = sourcecode.c.h; path = DrinksTableViewCell.h; sourceTree = "<group>"; };
		570D87171FD6C5BC00692713 /* DrinksTableViewCell.m */ = {isa = PBXFileReference; fileEncoding = 4; lastKnownFileType = sourcecode.c.objc; path = DrinksTableViewCell.m; sourceTree = "<group>"; };
		578629551FB1E32100BE1B86 /* Project - Pub Crawl Tracker.app */ = {isa = PBXFileReference; explicitFileType = wrapper.application; includeInIndex = 0; path = "Project - Pub Crawl Tracker.app"; sourceTree = BUILT_PRODUCTS_DIR; };
		578629591FB1E32100BE1B86 /* main.m */ = {isa = PBXFileReference; lastKnownFileType = sourcecode.c.objc; path = main.m; sourceTree = "<group>"; };
		5786295B1FB1E32100BE1B86 /* AppDelegate.h */ = {isa = PBXFileReference; lastKnownFileType = sourcecode.c.h; path = AppDelegate.h; sourceTree = "<group>"; };
		5786295C1FB1E32100BE1B86 /* AppDelegate.m */ = {isa = PBXFileReference; lastKnownFileType = sourcecode.c.objc; path = AppDelegate.m; sourceTree = "<group>"; };
		578629651FB1E32100BE1B86 /* Base */ = {isa = PBXFileReference; lastKnownFileType = file.storyboard; name = Base; path = Base.lproj/Main.storyboard; sourceTree = "<group>"; };
		578629671FB1E32100BE1B86 /* Assets.xcassets */ = {isa = PBXFileReference; lastKnownFileType = folder.assetcatalog; path = Assets.xcassets; sourceTree = "<group>"; };
		5786296A1FB1E32100BE1B86 /* Base */ = {isa = PBXFileReference; lastKnownFileType = file.storyboard; name = Base; path = Base.lproj/LaunchScreen.storyboard; sourceTree = "<group>"; };
		5786296C1FB1E32100BE1B86 /* Info.plist */ = {isa = PBXFileReference; lastKnownFileType = text.plist.xml; path = Info.plist; sourceTree = "<group>"; };
		578629711FB1E32100BE1B86 /* Project - Pub Crawl TrackerTests.xctest */ = {isa = PBXFileReference; explicitFileType = wrapper.cfbundle; includeInIndex = 0; path = "Project - Pub Crawl TrackerTests.xctest"; sourceTree = BUILT_PRODUCTS_DIR; };
		578629751FB1E32100BE1B86 /* Project___Pub_Crawl_TrackerTests.m */ = {isa = PBXFileReference; lastKnownFileType = sourcecode.c.objc; path = "Project___Pub_Crawl_TrackerTests.m"; sourceTree = "<group>"; };
		578629771FB1E32100BE1B86 /* Info.plist */ = {isa = PBXFileReference; lastKnownFileType = text.plist.xml; path = Info.plist; sourceTree = "<group>"; };
		5786297C1FB1E32100BE1B86 /* Project - Pub Crawl TrackerUITests.xctest */ = {isa = PBXFileReference; explicitFileType = wrapper.cfbundle; includeInIndex = 0; path = "Project - Pub Crawl TrackerUITests.xctest"; sourceTree = BUILT_PRODUCTS_DIR; };
		578629801FB1E32100BE1B86 /* Project___Pub_Crawl_TrackerUITests.m */ = {isa = PBXFileReference; lastKnownFileType = sourcecode.c.objc; path = "Project___Pub_Crawl_TrackerUITests.m"; sourceTree = "<group>"; };
		578629821FB1E32100BE1B86 /* Info.plist */ = {isa = PBXFileReference; lastKnownFileType = text.plist.xml; path = Info.plist; sourceTree = "<group>"; };
		57BE00F91FD1931E00FAD0B7 /* MapScreenViewController.h */ = {isa = PBXFileReference; fileEncoding = 4; lastKnownFileType = sourcecode.c.h; path = MapScreenViewController.h; sourceTree = "<group>"; };
		57BE00FA1FD1931E00FAD0B7 /* MapScreenViewController.m */ = {isa = PBXFileReference; fileEncoding = 4; lastKnownFileType = sourcecode.c.objc; path = MapScreenViewController.m; sourceTree = "<group>"; };
		57C6BD391FD82C4E00E16F46 /* map-icon.png */ = {isa = PBXFileReference; lastKnownFileType = image.png; path = "map-icon.png"; sourceTree = "<group>"; };
		57C6BD3B1FD82E8C00E16F46 /* drinks-consumption-icon.png */ = {isa = PBXFileReference; lastKnownFileType = image.png; path = "drinks-consumption-icon.png"; sourceTree = "<group>"; };
		57EF78EC1FCC887D0006E004 /* Project - Pub Crawl Tracker.xcdatamodel */ = {isa = PBXFileReference; lastKnownFileType = wrapper.xcdatamodel; path = "Project - Pub Crawl Tracker.xcdatamodel"; sourceTree = "<group>"; };
		57EF78EE1FCC88B70006E004 /* CoreData.framework */ = {isa = PBXFileReference; lastKnownFileType = wrapper.framework; name = CoreData.framework; path = System/Library/Frameworks/CoreData.framework; sourceTree = SDKROOT; };
		57EF78F01FCC8A630006E004 /* Hyde Park Logo.jpg */ = {isa = PBXFileReference; lastKnownFileType = image.jpeg; path = "Hyde Park Logo.jpg"; sourceTree = "<group>"; };
		57EF78F21FCC8A9A0006E004 /* Hyde Park Picture.jpg */ = {isa = PBXFileReference; lastKnownFileType = image.jpeg; path = "Hyde Park Picture.jpg"; sourceTree = "<group>"; };
		57EF78F41FCC91B80006E004 /* Project - Pub Crawl Tracker-Bridging-Header.h */ = {isa = PBXFileReference; lastKnownFileType = sourcecode.c.h; path = "Project - Pub Crawl Tracker-Bridging-Header.h"; sourceTree = "<group>"; };
/* End PBXFileReference section */

/* Begin PBXFrameworksBuildPhase section */
		578629521FB1E32100BE1B86 /* Frameworks */ = {
			isa = PBXFrameworksBuildPhase;
			buildActionMask = 2147483647;
			files = (
				57EF78EF1FCC88B70006E004 /* CoreData.framework in Frameworks */,
				03DB58EB1FC38D6E007AA647 /* CoreLocation.framework in Frameworks */,
				03DB58E91FC38D63007AA647 /* MapKit.framework in Frameworks */,
			);
			runOnlyForDeploymentPostprocessing = 0;
		};
		5786296E1FB1E32100BE1B86 /* Frameworks */ = {
			isa = PBXFrameworksBuildPhase;
			buildActionMask = 2147483647;
			files = (
			);
			runOnlyForDeploymentPostprocessing = 0;
		};
		578629791FB1E32100BE1B86 /* Frameworks */ = {
			isa = PBXFrameworksBuildPhase;
			buildActionMask = 2147483647;
			files = (
			);
			runOnlyForDeploymentPostprocessing = 0;
		};
/* End PBXFrameworksBuildPhase section */

/* Begin PBXGroup section */
		034893E71FC4425D00BCEAAA /* Map Tab */ = {
			isa = PBXGroup;
			children = (
				57BE00F91FD1931E00FAD0B7 /* MapScreenViewController.h */,
				57BE00FA1FD1931E00FAD0B7 /* MapScreenViewController.m */,
			);
			name = "Map Tab";
			sourceTree = "<group>";
		};
		034893E81FC442A000BCEAAA /* Pub Tab */ = {
			isa = PBXGroup;
			children = (
				034893D81FC4415D00BCEAAA /* Pub.h */,
				034893D91FC4415D00BCEAAA /* Pub.m */,
				034893D51FC4414100BCEAAA /* PubDataModel.h */,
				034893D61FC4414100BCEAAA /* PubDataModel.m */,
				03E6D4251FC6F99600CD8C49 /* TablePubViewController.h */,
				03E6D4261FC6F99600CD8C49 /* TablePubViewController.m */,
				034896391FC85C750071B10E /* TablePubViewCell.h */,
				0348963A1FC85C750071B10E /* TablePubViewCell.m */,
				034893DE1FC441CC00BCEAAA /* PubViewController.h */,
				034893DF1FC441CC00BCEAAA /* PubViewController.m */,
			);
			name = "Pub Tab";
			sourceTree = "<group>";
		};
		034893E91FC442B100BCEAAA /* Drinks Tab */ = {
			isa = PBXGroup;
			children = (
				570D87101FD6C57C00692713 /* Drinks.h */,
				570D87111FD6C57C00692713 /* Drinks.m */,
				570D87131FD6C59100692713 /* DrinksDataModel.h */,
				570D87141FD6C59100692713 /* DrinksDataModel.m */,
				034893E11FC4422400BCEAAA /* DrinksConsumptionViewController.h */,
				034893E21FC4422400BCEAAA /* DrinksConsumptionViewController.m */,
				570D87161FD6C5BC00692713 /* DrinksTableViewCell.h */,
				570D87171FD6C5BC00692713 /* DrinksTableViewCell.m */,
			);
			name = "Drinks Tab";
			sourceTree = "<group>";
		};
		03DB58E71FC38D63007AA647 /* Frameworks */ = {
			isa = PBXGroup;
			children = (
				57EF78EE1FCC88B70006E004 /* CoreData.framework */,
				03DB58EA1FC38D6E007AA647 /* CoreLocation.framework */,
				03DB58E81FC38D63007AA647 /* MapKit.framework */,
			);
			name = Frameworks;
			sourceTree = "<group>";
		};
		03E6D42A1FC7302C00CD8C49 /* Pictures */ = {
			isa = PBXGroup;
			children = (
				57C6BD3B1FD82E8C00E16F46 /* drinks-consumption-icon.png */,
				03FF80B61FD838B2006DC39F /* pub icon.png */,
				57C6BD391FD82C4E00E16F46 /* map-icon.png */,
				033F76931FD9798B00AEEFC3 /* Woodies picture.jpg */,
				033F76921FD9798B00AEEFC3 /* Woodies Logo.jpg */,
				033F76911FD9798B00AEEFC3 /* Horseshoes picture.jpg */,
				033F768F1FD9796C00AEEFC3 /* horseshoes logo.jpg */,
				033F769C1FD9861500AEEFC3 /* New Inn Picture.jpg */,
				033F76981FD9817A00AEEFC3 /* new inn logo.jpg */,
				033F769E1FD9861500AEEFC3 /* taps picture.jpg */,
				033F769D1FD9861500AEEFC3 /* taps logo.jpg */,
				033F769B1FD9861500AEEFC3 /* arc picture.jpg */,
				033F76971FD9817A00AEEFC3 /* arc logo.jpg */,
				033F76A51FD9871600AEEFC3 /* box picture.jpg */,
				033F76A31FD986C200AEEFC3 /* box logo.jpg */,
				033F76A71FD987B000AEEFC3 /* skyrack picture.jpg */,
				033F76A91FD987BB00AEEFC3 /* skyrack logo.jpg */,
				033F76AD1FD98D5100AEEFC3 /* original oak picture.jpg */,
				033F76AB1FD98D4800AEEFC3 /* original oak logo.jpg */,
				57EF78F21FCC8A9A0006E004 /* Hyde Park Picture.jpg */,
				57EF78F01FCC8A630006E004 /* Hyde Park Logo.jpg */,
				034896371FC858F40071B10E /* Library Picture.jpg */,
				03E6D4281FC7302700CD8C49 /* Library logo.jpg */,
				033F76AF1FD9977A00AEEFC3 /* pack horse picture.jpg */,
				033F76B11FD997D900AEEFC3 /* pack horse logo.png */,
				033F76B31FD9984600AEEFC3 /* eldon picture.jpg */,
				033F76B51FD9991E00AEEFC3 /* eldon logo.jpg */,
				033F76B91FD99A9800AEEFC3 /* luu picture.jpg */,
				033F76B71FD99A4F00AEEFC3 /* luu logo.png */,
				033F76BB1FD9A01000AEEFC3 /* fenton picture.jpg */,
				033F76BD1FD9A02300AEEFC3 /* fenton logo.jpg */,
				033F76C01FD9A12900AEEFC3 /* strawbs picture.jpg */,
				033F76BF1FD9A12900AEEFC3 /* strawbs logo.png */,
				033F76C31FD9A1DD00AEEFC3 /* dry dock.jpg */,
				033F76C51FD9A1E900AEEFC3 /* dry dock logo.jpg */,
			);
			name = Pictures;
			sourceTree = "<group>";
		};
		5786294C1FB1E32100BE1B86 = {
			isa = PBXGroup;
			children = (
				578629571FB1E32100BE1B86 /* Project - Pub Crawl Tracker */,
				578629741FB1E32100BE1B86 /* Project - Pub Crawl TrackerTests */,
				5786297F1FB1E32100BE1B86 /* Project - Pub Crawl TrackerUITests */,
				578629561FB1E32100BE1B86 /* Products */,
				03DB58E71FC38D63007AA647 /* Frameworks */,
				57EF78F41FCC91B80006E004 /* Project - Pub Crawl Tracker-Bridging-Header.h */,
			);
			sourceTree = "<group>";
		};
		578629561FB1E32100BE1B86 /* Products */ = {
			isa = PBXGroup;
			children = (
				578629551FB1E32100BE1B86 /* Project - Pub Crawl Tracker.app */,
				578629711FB1E32100BE1B86 /* Project - Pub Crawl TrackerTests.xctest */,
				5786297C1FB1E32100BE1B86 /* Project - Pub Crawl TrackerUITests.xctest */,
			);
			name = Products;
			sourceTree = "<group>";
		};
		578629571FB1E32100BE1B86 /* Project - Pub Crawl Tracker */ = {
			isa = PBXGroup;
			children = (
				5786295B1FB1E32100BE1B86 /* AppDelegate.h */,
				5786295C1FB1E32100BE1B86 /* AppDelegate.m */,
				03E6D42A1FC7302C00CD8C49 /* Pictures */,
				034893E71FC4425D00BCEAAA /* Map Tab */,
				034893E81FC442A000BCEAAA /* Pub Tab */,
				034893E91FC442B100BCEAAA /* Drinks Tab */,
				578629641FB1E32100BE1B86 /* Main.storyboard */,
				578629691FB1E32100BE1B86 /* LaunchScreen.storyboard */,
				578629671FB1E32100BE1B86 /* Assets.xcassets */,
				57EF78EB1FCC887D0006E004 /* Project - Pub Crawl Tracker.xcdatamodeld */,
				578629581FB1E32100BE1B86 /* Supporting Files */,
			);
			path = "Project - Pub Crawl Tracker";
			sourceTree = "<group>";
		};
		578629581FB1E32100BE1B86 /* Supporting Files */ = {
			isa = PBXGroup;
			children = (
				578629591FB1E32100BE1B86 /* main.m */,
				5786296C1FB1E32100BE1B86 /* Info.plist */,
			);
			name = "Supporting Files";
			sourceTree = "<group>";
		};
		578629741FB1E32100BE1B86 /* Project - Pub Crawl TrackerTests */ = {
			isa = PBXGroup;
			children = (
				578629751FB1E32100BE1B86 /* Project___Pub_Crawl_TrackerTests.m */,
				578629771FB1E32100BE1B86 /* Info.plist */,
			);
			path = "Project - Pub Crawl TrackerTests";
			sourceTree = "<group>";
		};
		5786297F1FB1E32100BE1B86 /* Project - Pub Crawl TrackerUITests */ = {
			isa = PBXGroup;
			children = (
				578629801FB1E32100BE1B86 /* Project___Pub_Crawl_TrackerUITests.m */,
				578629821FB1E32100BE1B86 /* Info.plist */,
			);
			path = "Project - Pub Crawl TrackerUITests";
			sourceTree = "<group>";
		};
/* End PBXGroup section */

/* Begin PBXNativeTarget section */
		578629541FB1E32100BE1B86 /* Project - Pub Crawl Tracker */ = {
			isa = PBXNativeTarget;
			buildConfigurationList = 578629851FB1E32100BE1B86 /* Build configuration list for PBXNativeTarget "Project - Pub Crawl Tracker" */;
			buildPhases = (
				578629511FB1E32100BE1B86 /* Sources */,
				578629521FB1E32100BE1B86 /* Frameworks */,
				578629531FB1E32100BE1B86 /* Resources */,
			);
			buildRules = (
			);
			dependencies = (
			);
			name = "Project - Pub Crawl Tracker";
			productName = "Project - Pub Crawl Tracker";
			productReference = 578629551FB1E32100BE1B86 /* Project - Pub Crawl Tracker.app */;
			productType = "com.apple.product-type.application";
		};
		578629701FB1E32100BE1B86 /* Project - Pub Crawl TrackerTests */ = {
			isa = PBXNativeTarget;
			buildConfigurationList = 578629881FB1E32100BE1B86 /* Build configuration list for PBXNativeTarget "Project - Pub Crawl TrackerTests" */;
			buildPhases = (
				5786296D1FB1E32100BE1B86 /* Sources */,
				5786296E1FB1E32100BE1B86 /* Frameworks */,
				5786296F1FB1E32100BE1B86 /* Resources */,
			);
			buildRules = (
			);
			dependencies = (
				578629731FB1E32100BE1B86 /* PBXTargetDependency */,
			);
			name = "Project - Pub Crawl TrackerTests";
			productName = "Project - Pub Crawl TrackerTests";
			productReference = 578629711FB1E32100BE1B86 /* Project - Pub Crawl TrackerTests.xctest */;
			productType = "com.apple.product-type.bundle.unit-test";
		};
		5786297B1FB1E32100BE1B86 /* Project - Pub Crawl TrackerUITests */ = {
			isa = PBXNativeTarget;
			buildConfigurationList = 5786298B1FB1E32100BE1B86 /* Build configuration list for PBXNativeTarget "Project - Pub Crawl TrackerUITests" */;
			buildPhases = (
				578629781FB1E32100BE1B86 /* Sources */,
				578629791FB1E32100BE1B86 /* Frameworks */,
				5786297A1FB1E32100BE1B86 /* Resources */,
			);
			buildRules = (
			);
			dependencies = (
				5786297E1FB1E32100BE1B86 /* PBXTargetDependency */,
			);
			name = "Project - Pub Crawl TrackerUITests";
			productName = "Project - Pub Crawl TrackerUITests";
			productReference = 5786297C1FB1E32100BE1B86 /* Project - Pub Crawl TrackerUITests.xctest */;
			productType = "com.apple.product-type.bundle.ui-testing";
		};
/* End PBXNativeTarget section */

/* Begin PBXProject section */
		5786294D1FB1E32100BE1B86 /* Project object */ = {
			isa = PBXProject;
			attributes = {
				LastUpgradeCheck = 0800;
				ORGANIZATIONNAME = "University of Leeds";
				TargetAttributes = {
					578629541FB1E32100BE1B86 = {
						CreatedOnToolsVersion = 8.0;
						LastSwiftMigration = 0800;
						ProvisioningStyle = Automatic;
					};
					578629701FB1E32100BE1B86 = {
						CreatedOnToolsVersion = 8.0;
						ProvisioningStyle = Automatic;
						TestTargetID = 578629541FB1E32100BE1B86;
					};
					5786297B1FB1E32100BE1B86 = {
						CreatedOnToolsVersion = 8.0;
						ProvisioningStyle = Automatic;
						TestTargetID = 578629541FB1E32100BE1B86;
					};
				};
			};
			buildConfigurationList = 578629501FB1E32100BE1B86 /* Build configuration list for PBXProject "Project - Pub Crawl Tracker" */;
			compatibilityVersion = "Xcode 3.2";
			developmentRegion = English;
			hasScannedForEncodings = 0;
			knownRegions = (
				en,
				Base,
			);
			mainGroup = 5786294C1FB1E32100BE1B86;
			productRefGroup = 578629561FB1E32100BE1B86 /* Products */;
			projectDirPath = "";
			projectRoot = "";
			targets = (
				578629541FB1E32100BE1B86 /* Project - Pub Crawl Tracker */,
				578629701FB1E32100BE1B86 /* Project - Pub Crawl TrackerTests */,
				5786297B1FB1E32100BE1B86 /* Project - Pub Crawl TrackerUITests */,
			);
		};
/* End PBXProject section */

/* Begin PBXResourcesBuildPhase section */
		578629531FB1E32100BE1B86 /* Resources */ = {
			isa = PBXResourcesBuildPhase;
			buildActionMask = 2147483647;
			files = (
				033F76C21FD9A12900AEEFC3 /* strawbs picture.jpg in Resources */,
				033F76B41FD9984600AEEFC3 /* eldon picture.jpg in Resources */,
				033F76941FD9798B00AEEFC3 /* Horseshoes picture.jpg in Resources */,
				033F76C41FD9A1DD00AEEFC3 /* dry dock.jpg in Resources */,
				5786296B1FB1E32100BE1B86 /* LaunchScreen.storyboard in Resources */,
				57C6BD3C1FD82E8C00E16F46 /* drinks-consumption-icon.png in Resources */,
				033F76A01FD9861500AEEFC3 /* New Inn Picture.jpg in Resources */,
				57C6BD3A1FD82C4E00E16F46 /* map-icon.png in Resources */,
				033F76A11FD9861500AEEFC3 /* taps logo.jpg in Resources */,
				03E6D4291FC7302700CD8C49 /* Library logo.jpg in Resources */,
				57EF78F11FCC8A630006E004 /* Hyde Park Logo.jpg in Resources */,
				033F76AA1FD987BB00AEEFC3 /* skyrack logo.jpg in Resources */,
				033F76AE1FD98D5100AEEFC3 /* original oak picture.jpg in Resources */,
				033F76951FD9798B00AEEFC3 /* Woodies Logo.jpg in Resources */,
				034896381FC858F40071B10E /* Library Picture.jpg in Resources */,
				033F76AC1FD98D4800AEEFC3 /* original oak logo.jpg in Resources */,
				033F76BC1FD9A01000AEEFC3 /* fenton picture.jpg in Resources */,
				033F76961FD9798B00AEEFC3 /* Woodies picture.jpg in Resources */,
				033F76C11FD9A12900AEEFC3 /* strawbs logo.png in Resources */,
				57EF78F31FCC8A9A0006E004 /* Hyde Park Picture.jpg in Resources */,
				033F76BA1FD99A9800AEEFC3 /* luu picture.jpg in Resources */,
				033F76991FD9817A00AEEFC3 /* arc logo.jpg in Resources */,
				578629681FB1E32100BE1B86 /* Assets.xcassets in Resources */,
				578629661FB1E32100BE1B86 /* Main.storyboard in Resources */,
				033F76B01FD9977A00AEEFC3 /* pack horse picture.jpg in Resources */,
				033F76B81FD99A4F00AEEFC3 /* luu logo.png in Resources */,
				033F76B61FD9991E00AEEFC3 /* eldon logo.jpg in Resources */,
				033F76B21FD997D900AEEFC3 /* pack horse logo.png in Resources */,
				033F76A61FD9871600AEEFC3 /* box picture.jpg in Resources */,
				033F76A21FD9861500AEEFC3 /* taps picture.jpg in Resources */,
				033F76901FD9796C00AEEFC3 /* horseshoes logo.jpg in Resources */,
				033F76C61FD9A1E900AEEFC3 /* dry dock logo.jpg in Resources */,
				033F769F1FD9861500AEEFC3 /* arc picture.jpg in Resources */,
				03FF80B71FD838B2006DC39F /* pub icon.png in Resources */,
				033F769A1FD9817A00AEEFC3 /* new inn logo.jpg in Resources */,
				033F76BE1FD9A02300AEEFC3 /* fenton logo.jpg in Resources */,
				033F76A41FD986C200AEEFC3 /* box logo.jpg in Resources */,
				033F76A81FD987B000AEEFC3 /* skyrack picture.jpg in Resources */,
			);
			runOnlyForDeploymentPostprocessing = 0;
		};
		5786296F1FB1E32100BE1B86 /* Resources */ = {
			isa = PBXResourcesBuildPhase;
			buildActionMask = 2147483647;
			files = (
			);
			runOnlyForDeploymentPostprocessing = 0;
		};
		5786297A1FB1E32100BE1B86 /* Resources */ = {
			isa = PBXResourcesBuildPhase;
			buildActionMask = 2147483647;
			files = (
			);
			runOnlyForDeploymentPostprocessing = 0;
		};
/* End PBXResourcesBuildPhase section */

/* Begin PBXSourcesBuildPhase section */
		578629511FB1E32100BE1B86 /* Sources */ = {
			isa = PBXSourcesBuildPhase;
			buildActionMask = 2147483647;
			files = (
				57BE00FB1FD1931E00FAD0B7 /* MapScreenViewController.m in Sources */,
				034893DA1FC4415D00BCEAAA /* Pub.m in Sources */,
				5786295D1FB1E32100BE1B86 /* AppDelegate.m in Sources */,
				570D87181FD6C5BC00692713 /* DrinksTableViewCell.m in Sources */,
				570D87151FD6C59100692713 /* DrinksDataModel.m in Sources */,
				034893E31FC4422400BCEAAA /* DrinksConsumptionViewController.m in Sources */,
				034893E01FC441CC00BCEAAA /* PubViewController.m in Sources */,
				03E6D4271FC6F99600CD8C49 /* TablePubViewController.m in Sources */,
				5786295A1FB1E32100BE1B86 /* main.m in Sources */,
				034893D71FC4414100BCEAAA /* PubDataModel.m in Sources */,
				0348963B1FC85C750071B10E /* TablePubViewCell.m in Sources */,
				570D87121FD6C57C00692713 /* Drinks.m in Sources */,
				57EF78ED1FCC887D0006E004 /* Project - Pub Crawl Tracker.xcdatamodeld in Sources */,
			);
			runOnlyForDeploymentPostprocessing = 0;
		};
		5786296D1FB1E32100BE1B86 /* Sources */ = {
			isa = PBXSourcesBuildPhase;
			buildActionMask = 2147483647;
			files = (
				578629761FB1E32100BE1B86 /* Project___Pub_Crawl_TrackerTests.m in Sources */,
			);
			runOnlyForDeploymentPostprocessing = 0;
		};
		578629781FB1E32100BE1B86 /* Sources */ = {
			isa = PBXSourcesBuildPhase;
			buildActionMask = 2147483647;
			files = (
				578629811FB1E32100BE1B86 /* Project___Pub_Crawl_TrackerUITests.m in Sources */,
			);
			runOnlyForDeploymentPostprocessing = 0;
		};
/* End PBXSourcesBuildPhase section */

/* Begin PBXTargetDependency section */
		578629731FB1E32100BE1B86 /* PBXTargetDependency */ = {
			isa = PBXTargetDependency;
			target = 578629541FB1E32100BE1B86 /* Project - Pub Crawl Tracker */;
			targetProxy = 578629721FB1E32100BE1B86 /* PBXContainerItemProxy */;
		};
		5786297E1FB1E32100BE1B86 /* PBXTargetDependency */ = {
			isa = PBXTargetDependency;
			target = 578629541FB1E32100BE1B86 /* Project - Pub Crawl Tracker */;
			targetProxy = 5786297D1FB1E32100BE1B86 /* PBXContainerItemProxy */;
		};
/* End PBXTargetDependency section */

/* Begin PBXVariantGroup section */
		578629641FB1E32100BE1B86 /* Main.storyboard */ = {
			isa = PBXVariantGroup;
			children = (
				578629651FB1E32100BE1B86 /* Base */,
			);
			name = Main.storyboard;
			sourceTree = "<group>";
		};
		578629691FB1E32100BE1B86 /* LaunchScreen.storyboard */ = {
			isa = PBXVariantGroup;
			children = (
				5786296A1FB1E32100BE1B86 /* Base */,
			);
			name = LaunchScreen.storyboard;
			sourceTree = "<group>";
		};
/* End PBXVariantGroup section */

/* Begin XCBuildConfiguration section */
		578629831FB1E32100BE1B86 /* Debug */ = {
			isa = XCBuildConfiguration;
			buildSettings = {
				ALWAYS_SEARCH_USER_PATHS = NO;
				CLANG_ANALYZER_NONNULL = YES;
				CLANG_CXX_LANGUAGE_STANDARD = "gnu++0x";
				CLANG_CXX_LIBRARY = "libc++";
				CLANG_ENABLE_MODULES = YES;
				CLANG_ENABLE_OBJC_ARC = YES;
				CLANG_WARN_BOOL_CONVERSION = YES;
				CLANG_WARN_CONSTANT_CONVERSION = YES;
				CLANG_WARN_DIRECT_OBJC_ISA_USAGE = YES_ERROR;
				CLANG_WARN_DOCUMENTATION_COMMENTS = YES;
				CLANG_WARN_EMPTY_BODY = YES;
				CLANG_WARN_ENUM_CONVERSION = YES;
				CLANG_WARN_INFINITE_RECURSION = YES;
				CLANG_WARN_INT_CONVERSION = YES;
				CLANG_WARN_OBJC_ROOT_CLASS = YES_ERROR;
				CLANG_WARN_SUSPICIOUS_MOVES = YES;
				CLANG_WARN_UNREACHABLE_CODE = YES;
				CLANG_WARN__DUPLICATE_METHOD_MATCH = YES;
				"CODE_SIGN_IDENTITY[sdk=iphoneos*]" = "iPhone Developer";
				COPY_PHASE_STRIP = NO;
				DEBUG_INFORMATION_FORMAT = dwarf;
				ENABLE_STRICT_OBJC_MSGSEND = YES;
				ENABLE_TESTABILITY = YES;
				GCC_C_LANGUAGE_STANDARD = gnu99;
				GCC_DYNAMIC_NO_PIC = NO;
				GCC_NO_COMMON_BLOCKS = YES;
				GCC_OPTIMIZATION_LEVEL = 0;
				GCC_PREPROCESSOR_DEFINITIONS = (
					"DEBUG=1",
					"$(inherited)",
				);
				GCC_WARN_64_TO_32_BIT_CONVERSION = YES;
				GCC_WARN_ABOUT_RETURN_TYPE = YES_ERROR;
				GCC_WARN_UNDECLARED_SELECTOR = YES;
				GCC_WARN_UNINITIALIZED_AUTOS = YES_AGGRESSIVE;
				GCC_WARN_UNUSED_FUNCTION = YES;
				GCC_WARN_UNUSED_VARIABLE = YES;
				IPHONEOS_DEPLOYMENT_TARGET = 10.0;
				MTL_ENABLE_DEBUG_INFO = YES;
				ONLY_ACTIVE_ARCH = YES;
				SDKROOT = iphoneos;
				TARGETED_DEVICE_FAMILY = "1,2";
			};
			name = Debug;
		};
		578629841FB1E32100BE1B86 /* Release */ = {
			isa = XCBuildConfiguration;
			buildSettings = {
				ALWAYS_SEARCH_USER_PATHS = NO;
				CLANG_ANALYZER_NONNULL = YES;
				CLANG_CXX_LANGUAGE_STANDARD = "gnu++0x";
				CLANG_CXX_LIBRARY = "libc++";
				CLANG_ENABLE_MODULES = YES;
				CLANG_ENABLE_OBJC_ARC = YES;
				CLANG_WARN_BOOL_CONVERSION = YES;
				CLANG_WARN_CONSTANT_CONVERSION = YES;
				CLANG_WARN_DIRECT_OBJC_ISA_USAGE = YES_ERROR;
				CLANG_WARN_DOCUMENTATION_COMMENTS = YES;
				CLANG_WARN_EMPTY_BODY = YES;
				CLANG_WARN_ENUM_CONVERSION = YES;
				CLANG_WARN_INFINITE_RECURSION = YES;
				CLANG_WARN_INT_CONVERSION = YES;
				CLANG_WARN_OBJC_ROOT_CLASS = YES_ERROR;
				CLANG_WARN_SUSPICIOUS_MOVES = YES;
				CLANG_WARN_UNREACHABLE_CODE = YES;
				CLANG_WARN__DUPLICATE_METHOD_MATCH = YES;
				"CODE_SIGN_IDENTITY[sdk=iphoneos*]" = "iPhone Developer";
				COPY_PHASE_STRIP = NO;
				DEBUG_INFORMATION_FORMAT = "dwarf-with-dsym";
				ENABLE_NS_ASSERTIONS = NO;
				ENABLE_STRICT_OBJC_MSGSEND = YES;
				GCC_C_LANGUAGE_STANDARD = gnu99;
				GCC_NO_COMMON_BLOCKS = YES;
				GCC_WARN_64_TO_32_BIT_CONVERSION = YES;
				GCC_WARN_ABOUT_RETURN_TYPE = YES_ERROR;
				GCC_WARN_UNDECLARED_SELECTOR = YES;
				GCC_WARN_UNINITIALIZED_AUTOS = YES_AGGRESSIVE;
				GCC_WARN_UNUSED_FUNCTION = YES;
				GCC_WARN_UNUSED_VARIABLE = YES;
				IPHONEOS_DEPLOYMENT_TARGET = 10.0;
				MTL_ENABLE_DEBUG_INFO = NO;
				SDKROOT = iphoneos;
				TARGETED_DEVICE_FAMILY = "1,2";
				VALIDATE_PRODUCT = YES;
			};
			name = Release;
		};
		578629861FB1E32100BE1B86 /* Debug */ = {
			isa = XCBuildConfiguration;
			buildSettings = {
				ASSETCATALOG_COMPILER_APPICON_NAME = AppIcon;
				CLANG_ENABLE_MODULES = YES;
				INFOPLIST_FILE = "Project - Pub Crawl Tracker/Info.plist";
				LD_RUNPATH_SEARCH_PATHS = "$(inherited) @executable_path/Frameworks";
				PRODUCT_BUNDLE_IDENTIFIER = "uk.ac.leeds.Project---Pub-Crawl-Tracker";
				PRODUCT_NAME = "$(TARGET_NAME)";
				SWIFT_OBJC_BRIDGING_HEADER = "Project - Pub Crawl Tracker-Bridging-Header.h";
				SWIFT_OPTIMIZATION_LEVEL = "-Onone";
				SWIFT_VERSION = 3.0;
				TARGETED_DEVICE_FAMILY = "1,2";
			};
			name = Debug;
		};
		578629871FB1E32100BE1B86 /* Release */ = {
			isa = XCBuildConfiguration;
			buildSettings = {
				ASSETCATALOG_COMPILER_APPICON_NAME = AppIcon;
				CLANG_ENABLE_MODULES = YES;
				INFOPLIST_FILE = "Project - Pub Crawl Tracker/Info.plist";
				LD_RUNPATH_SEARCH_PATHS = "$(inherited) @executable_path/Frameworks";
				PRODUCT_BUNDLE_IDENTIFIER = "uk.ac.leeds.Project---Pub-Crawl-Tracker";
				PRODUCT_NAME = "$(TARGET_NAME)";
				SWIFT_OBJC_BRIDGING_HEADER = "Project - Pub Crawl Tracker-Bridging-Header.h";
				SWIFT_VERSION = 3.0;
				TARGETED_DEVICE_FAMILY = "1,2";
			};
			name = Release;
		};
		578629891FB1E32100BE1B86 /* Debug */ = {
			isa = XCBuildConfiguration;
			buildSettings = {
				BUNDLE_LOADER = "$(TEST_HOST)";
				INFOPLIST_FILE = "Project - Pub Crawl TrackerTests/Info.plist";
				LD_RUNPATH_SEARCH_PATHS = "$(inherited) @executable_path/Frameworks @loader_path/Frameworks";
				PRODUCT_BUNDLE_IDENTIFIER = "uk.ac.leeds.Project---Pub-Crawl-TrackerTests";
				PRODUCT_NAME = "$(TARGET_NAME)";
				TEST_HOST = "$(BUILT_PRODUCTS_DIR)/Project - Pub Crawl Tracker.app/Project - Pub Crawl Tracker";
			};
			name = Debug;
		};
		5786298A1FB1E32100BE1B86 /* Release */ = {
			isa = XCBuildConfiguration;
			buildSettings = {
				BUNDLE_LOADER = "$(TEST_HOST)";
				INFOPLIST_FILE = "Project - Pub Crawl TrackerTests/Info.plist";
				LD_RUNPATH_SEARCH_PATHS = "$(inherited) @executable_path/Frameworks @loader_path/Frameworks";
				PRODUCT_BUNDLE_IDENTIFIER = "uk.ac.leeds.Project---Pub-Crawl-TrackerTests";
				PRODUCT_NAME = "$(TARGET_NAME)";
				TEST_HOST = "$(BUILT_PRODUCTS_DIR)/Project - Pub Crawl Tracker.app/Project - Pub Crawl Tracker";
			};
			name = Release;
		};
		5786298C1FB1E32100BE1B86 /* Debug */ = {
			isa = XCBuildConfiguration;
			buildSettings = {
				INFOPLIST_FILE = "Project - Pub Crawl TrackerUITests/Info.plist";
				LD_RUNPATH_SEARCH_PATHS = "$(inherited) @executable_path/Frameworks @loader_path/Frameworks";
				PRODUCT_BUNDLE_IDENTIFIER = "uk.ac.leeds.Project---Pub-Crawl-TrackerUITests";
				PRODUCT_NAME = "$(TARGET_NAME)";
				TEST_TARGET_NAME = "Project - Pub Crawl Tracker";
			};
			name = Debug;
		};
		5786298D1FB1E32100BE1B86 /* Release */ = {
			isa = XCBuildConfiguration;
			buildSettings = {
				INFOPLIST_FILE = "Project - Pub Crawl TrackerUITests/Info.plist";
				LD_RUNPATH_SEARCH_PATHS = "$(inherited) @executable_path/Frameworks @loader_path/Frameworks";
				PRODUCT_BUNDLE_IDENTIFIER = "uk.ac.leeds.Project---Pub-Crawl-TrackerUITests";
				PRODUCT_NAME = "$(TARGET_NAME)";
				TEST_TARGET_NAME = "Project - Pub Crawl Tracker";
			};
			name = Release;
		};
/* End XCBuildConfiguration section */

/* Begin XCConfigurationList section */
		578629501FB1E32100BE1B86 /* Build configuration list for PBXProject "Project - Pub Crawl Tracker" */ = {
			isa = XCConfigurationList;
			buildConfigurations = (
				578629831FB1E32100BE1B86 /* Debug */,
				578629841FB1E32100BE1B86 /* Release */,
			);
			defaultConfigurationIsVisible = 0;
			defaultConfigurationName = Release;
		};
		578629851FB1E32100BE1B86 /* Build configuration list for PBXNativeTarget "Project - Pub Crawl Tracker" */ = {
			isa = XCConfigurationList;
			buildConfigurations = (
				578629861FB1E32100BE1B86 /* Debug */,
				578629871FB1E32100BE1B86 /* Release */,
			);
			defaultConfigurationIsVisible = 0;
			defaultConfigurationName = Release;
		};
		578629881FB1E32100BE1B86 /* Build configuration list for PBXNativeTarget "Project - Pub Crawl TrackerTests" */ = {
			isa = XCConfigurationList;
			buildConfigurations = (
				578629891FB1E32100BE1B86 /* Debug */,
				5786298A1FB1E32100BE1B86 /* Release */,
			);
			defaultConfigurationIsVisible = 0;
			defaultConfigurationName = Release;
		};
		5786298B1FB1E32100BE1B86 /* Build configuration list for PBXNativeTarget "Project - Pub Crawl TrackerUITests" */ = {
			isa = XCConfigurationList;
			buildConfigurations = (
				5786298C1FB1E32100BE1B86 /* Debug */,
				5786298D1FB1E32100BE1B86 /* Release */,
			);
			defaultConfigurationIsVisible = 0;
			defaultConfigurationName = Release;
		};
/* End XCConfigurationList section */

/* Begin XCVersionGroup section */
		57EF78EB1FCC887D0006E004 /* Project - Pub Crawl Tracker.xcdatamodeld */ = {
			isa = XCVersionGroup;
			children = (
				57EF78EC1FCC887D0006E004 /* Project - Pub Crawl Tracker.xcdatamodel */,
			);
			currentVersion = 57EF78EC1FCC887D0006E004 /* Project - Pub Crawl Tracker.xcdatamodel */;
			path = "Project - Pub Crawl Tracker.xcdatamodeld";
			sourceTree = "<group>";
			versionGroupType = wrapper.xcdatamodel;
		};
/* End XCVersionGroup section */
	};
	rootObject = 5786294D1FB1E32100BE1B86 /* Project object */;
}
